
Microsoft Visual Studio Solution File, Format Version 12.00
# Visual Studio Version 16
VisualStudioVersion = 16.0.28803.452
MinimumVisualStudioVersion = 10.0.40219.1
Project("{FAE04EC0-301F-11D3-BF4B-00C04F79EFBC}") = "TicTacToe", "TicTacToe.csproj", "{E5CAF371-3FA1-4F70-ADA7-D6A93F5EEAA7}"
EndProject
Global
	GlobalSection(SolutionConfigurationPlatforms) = preSolution
		Debug|Any CPU = Debug|Any CPU
		Release|Any CPU = Release|Any CPU
	EndGlobalSection
	GlobalSection(ProjectConfigurationPlatforms) = postSolution
		{E5CAF371-3FA1-4F70-ADA7-D6A93F5EEAA7}.Debug|Any CPU.ActiveCfg = Debug|Any CPU
		{E5CAF371-3FA1-4F70-ADA7-D6A93F5EEAA7}.Debug|Any CPU.Build.0 = Debug|Any CPU
		{E5CAF371-3FA1-4F70-ADA7-D6A93F5EEAA7}.Release|Any CPU.ActiveCfg = Release|Any CPU
		{E5CAF371-3FA1-4F70-ADA7-D6A93F5EEAA7}.Release|Any CPU.Build.0 = Release|Any CPU
	EndGlobalSection
	GlobalSection(SolutionProperties) = preSolution
		HideSolutionNode = FALSE
	EndGlobalSection
	GlobalSection(ExtensibilityGlobals) = postSolution
		SolutionGuid = {D4FEB677-E3FB-4DC6-BCF9-7D04D724EDD0}
	EndGlobalSection
EndGlobal
